
Microsoft Visual Studio Solution File, Format Version 12.00
# Visual Studio Version 17
VisualStudioVersion = 17.0.31903.59
MinimumVisualStudioVersion = 10.0.40219.1
Project("{2150E333-8FDC-42A3-9474-1A3956D46DE8}") = "src", "src", "{827E0CD3-B72D-47B6-A68D-7590B98EB39B}"
EndProject
Project("{FAE04EC0-301F-11D3-BF4B-00C04F79EFBC}") = "Hiveboard.Api", "src\Hiveboard.Api\Hiveboard.Api.csproj", "{6E93AE04-F6C8-40D7-9E1E-9CFD818978DA}"
EndProject
Project("{FAE04EC0-301F-11D3-BF4B-00C04F79EFBC}") = "Hiveboard.Core", "src\Hiveboard.Core\Hiveboard.Core.csproj", "{EDC25253-5CD9-4C1F-A392-E7B75802565C}"
EndProject
Project("{FAE04EC0-301F-11D3-BF4B-00C04F79EFBC}") = "Hiveboard.Infrastructure", "src\Hiveboard.Infrastructure\Hiveboard.Infrastructure.csproj", "{01A23050-C360-4BC5-85CA-0B16F9DA6FB7}"
EndProject
Project("{2150E333-8FDC-42A3-9474-1A3956D46DE8}") = "Hiveboard.Dashboard", "Hiveboard.Dashboard", "{6A4D3F5C-91A5-4B98-8A4F-0DAB1A2C1732}"
	ProjectSection(SolutionItems) = preProject
		src\Hiveboard.Dashboard\package.json = src\Hiveboard.Dashboard\package.json
		src\Hiveboard.Dashboard\vite.config.ts = src\Hiveboard.Dashboard\vite.config.ts
	EndProjectSection
EndProject
Project("{2150E333-8FDC-42A3-9474-1A3956D46DE8}") = "tests", "tests", "{0AB3BF05-4346-4AA6-1389-037BE0695223}"
EndProject
Project("{FAE04EC0-301F-11D3-BF4B-00C04F79EFBC}") = "Hiveboard.Tests", "tests\Hiveboard.Tests\Hiveboard.Tests.csproj", "{E44BED5C-9F01-47ED-9F34-165A1FA475FA}"
EndProject
Global
	GlobalSection(SolutionConfigurationPlatforms) = preSolution
		Debug|Any CPU = Debug|Any CPU
		Debug|x64 = Debug|x64
		Debug|x86 = Debug|x86
		Release|Any CPU = Release|Any CPU
		Release|x64 = Release|x64
		Release|x86 = Release|x86
	EndGlobalSection
	GlobalSection(ProjectConfigurationPlatforms) = postSolution
		{6E93AE04-F6C8-40D7-9E1E-9CFD818978DA}.Debug|Any CPU.ActiveCfg = Debug|Any CPU
		{6E93AE04-F6C8-40D7-9E1E-9CFD818978DA}.Debug|Any CPU.Build.0 = Debug|Any CPU
		{6E93AE04-F6C8-40D7-9E1E-9CFD818978DA}.Debug|x64.ActiveCfg = Debug|Any CPU
		{6E93AE04-F6C8-40D7-9E1E-9CFD818978DA}.Debug|x64.Build.0 = Debug|Any CPU
		{6E93AE04-F6C8-40D7-9E1E-9CFD818978DA}.Debug|x86.ActiveCfg = Debug|Any CPU
		{6E93AE04-F6C8-40D7-9E1E-9CFD818978DA}.Debug|x86.Build.0 = Debug|Any CPU
		{6E93AE04-F6C8-40D7-9E1E-9CFD818978DA}.Release|Any CPU.ActiveCfg = Release|Any CPU
		{6E93AE04-F6C8-40D7-9E1E-9CFD818978DA}.Release|Any CPU.Build.0 = Release|Any CPU
		{6E93AE04-F6C8-40D7-9E1E-9CFD818978DA}.Release|x64.ActiveCfg = Release|Any CPU
		{6E93AE04-F6C8-40D7-9E1E-9CFD818978DA}.Release|x64.Build.0 = Release|Any CPU
		{6E93AE04-F6C8-40D7-9E1E-9CFD818978DA}.Release|x86.ActiveCfg = Release|Any CPU
		{6E93AE04-F6C8-40D7-9E1E-9CFD818978DA}.Release|x86.Build.0 = Release|Any CPU
		{EDC25253-5CD9-4C1F-A392-E7B75802565C}.Debug|Any CPU.ActiveCfg = Debug|Any CPU
		{EDC25253-5CD9-4C1F-A392-E7B75802565C}.Debug|Any CPU.Build.0 = Debug|Any CPU
		{EDC25253-5CD9-4C1F-A392-E7B75802565C}.Debug|x64.ActiveCfg = Debug|Any CPU
		{EDC25253-5CD9-4C1F-A392-E7B75802565C}.Debug|x64.Build.0 = Debug|Any CPU
		{EDC25253-5CD9-4C1F-A392-E7B75802565C}.Debug|x86.ActiveCfg = Debug|Any CPU
		{EDC25253-5CD9-4C1F-A392-E7B75802565C}.Debug|x86.Build.0 = Debug|Any CPU
		{EDC25253-5CD9-4C1F-A392-E7B75802565C}.Release|Any CPU.ActiveCfg = Release|Any CPU
		{EDC25253-5CD9-4C1F-A392-E7B75802565C}.Release|Any CPU.Build.0 = Release|Any CPU
		{EDC25253-5CD9-4C1F-A392-E7B75802565C}.Release|x64.ActiveCfg = Release|Any CPU
		{EDC25253-5CD9-4C1F-A392-E7B75802565C}.Release|x64.Build.0 = Release|Any CPU
		{EDC25253-5CD9-4C1F-A392-E7B75802565C}.Release|x86.ActiveCfg = Release|Any CPU
		{EDC25253-5CD9-4C1F-A392-E7B75802565C}.Release|x86.Build.0 = Release|Any CPU
		{01A23050-C360-4BC5-85CA-0B16F9DA6FB7}.Debug|Any CPU.ActiveCfg = Debug|Any CPU
		{01A23050-C360-4BC5-85CA-0B16F9DA6FB7}.Debug|Any CPU.Build.0 = Debug|Any CPU
		{01A23050-C360-4BC5-85CA-0B16F9DA6FB7}.Debug|x64.ActiveCfg = Debug|Any CPU
		{01A23050-C360-4BC5-85CA-0B16F9DA6FB7}.Debug|x64.Build.0 = Debug|Any CPU
		{01A23050-C360-4BC5-85CA-0B16F9DA6FB7}.Debug|x86.ActiveCfg = Debug|Any CPU
		{01A23050-C360-4BC5-85CA-0B16F9DA6FB7}.Debug|x86.Build.0 = Debug|Any CPU
		{01A23050-C360-4BC5-85CA-0B16F9DA6FB7}.Release|Any CPU.ActiveCfg = Release|Any CPU
		{01A23050-C360-4BC5-85CA-0B16F9DA6FB7}.Release|Any CPU.Build.0 = Release|Any CPU
		{01A23050-C360-4BC5-85CA-0B16F9DA6FB7}.Release|x64.ActiveCfg = Release|Any CPU
		{01A23050-C360-4BC5-85CA-0B16F9DA6FB7}.Release|x64.Build.0 = Release|Any CPU
		{01A23050-C360-4BC5-85CA-0B16F9DA6FB7}.Release|x86.ActiveCfg = Release|Any CPU
		{01A23050-C360-4BC5-85CA-0B16F9DA6FB7}.Release|x86.Build.0 = Release|Any CPU
		{E44BED5C-9F01-47ED-9F34-165A1FA475FA}.Debug|Any CPU.ActiveCfg = Debug|Any CPU
		{E44BED5C-9F01-47ED-9F34-165A1FA475FA}.Debug|Any CPU.Build.0 = Debug|Any CPU
		{E44BED5C-9F01-47ED-9F34-165A1FA475FA}.Debug|x64.ActiveCfg = Debug|Any CPU
		{E44BED5C-9F01-47ED-9F34-165A1FA475FA}.Debug|x64.Build.0 = Debug|Any CPU
		{E44BED5C-9F01-47ED-9F34-165A1FA475FA}.Debug|x86.ActiveCfg = Debug|Any CPU
		{E44BED5C-9F01-47ED-9F34-165A1FA475FA}.Debug|x86.Build.0 = Debug|Any CPU
		{E44BED5C-9F01-47ED-9F34-165A1FA475FA}.Release|Any CPU.ActiveCfg = Release|Any CPU
		{E44BED5C-9F01-47ED-9F34-165A1FA475FA}.Release|Any CPU.Build.0 = Release|Any CPU
		{E44BED5C-9F01-47ED-9F34-165A1FA475FA}.Release|x64.ActiveCfg = Release|Any CPU
		{E44BED5C-9F01-47ED-9F34-165A1FA475FA}.Release|x64.Build.0 = Release|Any CPU
		{E44BED5C-9F01-47ED-9F34-165A1FA475FA}.Release|x86.ActiveCfg = Release|Any CPU
		{E44BED5C-9F01-47ED-9F34-165A1FA475FA}.Release|x86.Build.0 = Release|Any CPU
	EndGlobalSection
	GlobalSection(SolutionProperties) = preSolution
		HideSolutionNode = FALSE
	EndGlobalSection
	GlobalSection(NestedProjects) = preSolution
		{6E93AE04-F6C8-40D7-9E1E-9CFD818978DA} = {827E0CD3-B72D-47B6-A68D-7590B98EB39B}
		{EDC25253-5CD9-4C1F-A392-E7B75802565C} = {827E0CD3-B72D-47B6-A68D-7590B98EB39B}
		{01A23050-C360-4BC5-85CA-0B16F9DA6FB7} = {827E0CD3-B72D-47B6-A68D-7590B98EB39B}
		{6A4D3F5C-91A5-4B98-8A4F-0DAB1A2C1732} = {827E0CD3-B72D-47B6-A68D-7590B98EB39B}
		{E44BED5C-9F01-47ED-9F34-165A1FA475FA} = {0AB3BF05-4346-4AA6-1389-037BE0695223}
	EndGlobalSection
EndGlobal
